
Microsoft Visual Studio Solution File, Format Version 12.00
# Visual Studio Version 17
VisualStudioVersion = 17.1.32414.318
MinimumVisualStudioVersion = 10.0.40219.1
Project("{FAE04EC0-301F-11D3-BF4B-00C04F79EFBC}") = "furi-imageProcessing", "furi-imageProcessing.csproj", "{229249D3-17FF-4C8E-B10A-C1CC2C610F16}"
EndProject
Global
	GlobalSection(SolutionConfigurationPlatforms) = preSolution
		Debug|Any CPU = Debug|Any CPU
		Release|Any CPU = Release|Any CPU
	EndGlobalSection
	GlobalSection(ProjectConfigurationPlatforms) = postSolution
		{229249D3-17FF-4C8E-B10A-C1CC2C610F16}.Debug|Any CPU.ActiveCfg = Debug|Any CPU
		{229249D3-17FF-4C8E-B10A-C1CC2C610F16}.Debug|Any CPU.Build.0 = Debug|Any CPU
		{229249D3-17FF-4C8E-B10A-C1CC2C610F16}.Release|Any CPU.ActiveCfg = Release|Any CPU
		{229249D3-17FF-4C8E-B10A-C1CC2C610F16}.Release|Any CPU.Build.0 = Release|Any CPU
	EndGlobalSection
	GlobalSection(SolutionProperties) = preSolution
		HideSolutionNode = FALSE
	EndGlobalSection
	GlobalSection(ExtensibilityGlobals) = postSolution
		SolutionGuid = {DAB7D311-A01E-4CDA-A81A-0ECEE0B7F6A4}
	EndGlobalSection
EndGlobal
